
Microsoft Visual Studio Solution File, Format Version 12.00
# Visual Studio Version 16
VisualStudioVersion = 16.0.31025.194
MinimumVisualStudioVersion = 10.0.40219.1
Project("{FAE04EC0-301F-11D3-BF4B-00C04F79EFBC}") = "GlobalimcTaskBE", "GlobalimcTaskBE\GlobalimcTaskBE.csproj", "{0BD3F583-8FD9-449B-B66B-CDB271F27CBC}"
EndProject
Global
	GlobalSection(SolutionConfigurationPlatforms) = preSolution
		Debug|Any CPU = Debug|Any CPU
		Release|Any CPU = Release|Any CPU
	EndGlobalSection
	GlobalSection(ProjectConfigurationPlatforms) = postSolution
		{0BD3F583-8FD9-449B-B66B-CDB271F27CBC}.Debug|Any CPU.ActiveCfg = Debug|Any CPU
		{0BD3F583-8FD9-449B-B66B-CDB271F27CBC}.Debug|Any CPU.Build.0 = Debug|Any CPU
		{0BD3F583-8FD9-449B-B66B-CDB271F27CBC}.Release|Any CPU.ActiveCfg = Release|Any CPU
		{0BD3F583-8FD9-449B-B66B-CDB271F27CBC}.Release|Any CPU.Build.0 = Release|Any CPU
	EndGlobalSection
	GlobalSection(SolutionProperties) = preSolution
		HideSolutionNode = FALSE
	EndGlobalSection
	GlobalSection(ExtensibilityGlobals) = postSolution
		SolutionGuid = {11B0C9AA-178F-4C79-AF7A-1B64C2A4B49C}
	EndGlobalSection
EndGlobal
